// !$*UTF8*$!
{
	archiveVersion = 1;
	classes = {
	};
	objectVersion = 50;
	objects = {

/* Begin PBXBuildFile section */
		7163C74724B7983E0036E9DE /* AppDelegate.swift in Sources */ = {isa = PBXBuildFile; fileRef = 7163C74624B7983E0036E9DE /* AppDelegate.swift */; };
		7163C74924B7983E0036E9DE /* SceneDelegate.swift in Sources */ = {isa = PBXBuildFile; fileRef = 7163C74824B7983E0036E9DE /* SceneDelegate.swift */; };
		7163C74B24B7983E0036E9DE /* CoinViewController.swift in Sources */ = {isa = PBXBuildFile; fileRef = 7163C74A24B7983E0036E9DE /* CoinViewController.swift */; };
		7163C74E24B7983E0036E9DE /* Main.storyboard in Resources */ = {isa = PBXBuildFile; fileRef = 7163C74C24B7983E0036E9DE /* Main.storyboard */; };
		7163C75024B798470036E9DE /* Assets.xcassets in Resources */ = {isa = PBXBuildFile; fileRef = 7163C74F24B798470036E9DE /* Assets.xcassets */; };
		7163C75324B798470036E9DE /* LaunchScreen.storyboard in Resources */ = {isa = PBXBuildFile; fileRef = 7163C75124B798470036E9DE /* LaunchScreen.storyboard */; };
		7163C75E24B79D920036E9DE /* CoinData.swift in Sources */ = {isa = PBXBuildFile; fileRef = 7163C75D24B79D920036E9DE /* CoinData.swift */; };
		7163C76024B79DB80036E9DE /* CoinManager.swift in Sources */ = {isa = PBXBuildFile; fileRef = 7163C75F24B79DB80036E9DE /* CoinManager.swift */; };
/* End PBXBuildFile section */

/* Begin PBXFileReference section */
		7163C74324B7983E0036E9DE /* Coins.app */ = {isa = PBXFileReference; explicitFileType = wrapper.application; includeInIndex = 0; path = Coins.app; sourceTree = BUILT_PRODUCTS_DIR; };
		7163C74624B7983E0036E9DE /* AppDelegate.swift */ = {isa = PBXFileReference; lastKnownFileType = sourcecode.swift; path = AppDelegate.swift; sourceTree = "<group>"; };
		7163C74824B7983E0036E9DE /* SceneDelegate.swift */ = {isa = PBXFileReference; lastKnownFileType = sourcecode.swift; path = SceneDelegate.swift; sourceTree = "<group>"; };
		7163C74A24B7983E0036E9DE /* CoinViewController.swift */ = {isa = PBXFileReference; lastKnownFileType = sourcecode.swift; path = CoinViewController.swift; sourceTree = "<group>"; };
		7163C74D24B7983E0036E9DE /* Base */ = {isa = PBXFileReference; lastKnownFileType = file.storyboard; name = Base; path = Base.lproj/Main.storyboard; sourceTree = "<group>"; };
		7163C74F24B798470036E9DE /* Assets.xcassets */ = {isa = PBXFileReference; lastKnownFileType = folder.assetcatalog; path = Assets.xcassets; sourceTree = "<group>"; };
		7163C75224B798470036E9DE /* Base */ = {isa = PBXFileReference; lastKnownFileType = file.storyboard; name = Base; path = Base.lproj/LaunchScreen.storyboard; sourceTree = "<group>"; };
		7163C75424B798470036E9DE /* Info.plist */ = {isa = PBXFileReference; lastKnownFileType = text.plist.xml; path = Info.plist; sourceTree = "<group>"; };
		7163C75D24B79D920036E9DE /* CoinData.swift */ = {isa = PBXFileReference; lastKnownFileType = sourcecode.swift; path = CoinData.swift; sourceTree = "<group>"; };
		7163C75F24B79DB80036E9DE /* CoinManager.swift */ = {isa = PBXFileReference; lastKnownFileType = sourcecode.swift; path = CoinManager.swift; sourceTree = "<group>"; };
/* End PBXFileReference section */

/* Begin PBXFrameworksBuildPhase section */
		7163C74024B7983E0036E9DE /* Frameworks */ = {
			isa = PBXFrameworksBuildPhase;
			buildActionMask = 2147483647;
			files = (
			);
			runOnlyForDeploymentPostprocessing = 0;
		};
/* End PBXFrameworksBuildPhase section */

/* Begin PBXGroup section */
		7163C73A24B7983D0036E9DE = {
			isa = PBXGroup;
			children = (
				7163C74524B7983E0036E9DE /* Coins */,
				7163C74424B7983E0036E9DE /* Products */,
			);
			sourceTree = "<group>";
		};
		7163C74424B7983E0036E9DE /* Products */ = {
			isa = PBXGroup;
			children = (
				7163C74324B7983E0036E9DE /* Coins.app */,
			);
			name = Products;
			sourceTree = "<group>";
		};
		7163C74524B7983E0036E9DE /* Coins */ = {
			isa = PBXGroup;
			children = (
				7163C74624B7983E0036E9DE /* AppDelegate.swift */,
				7163C74824B7983E0036E9DE /* SceneDelegate.swift */,
				7163C75C24B798920036E9DE /* Model */,
				7163C75A24B7985C0036E9DE /* View */,
				7163C75B24B798710036E9DE /* Controller */,
				7163C74F24B798470036E9DE /* Assets.xcassets */,
				7163C75124B798470036E9DE /* LaunchScreen.storyboard */,
				7163C75424B798470036E9DE /* Info.plist */,
			);
			path = Coins;
			sourceTree = "<group>";
		};
		7163C75A24B7985C0036E9DE /* View */ = {
			isa = PBXGroup;
			children = (
				7163C74C24B7983E0036E9DE /* Main.storyboard */,
			);
			path = View;
			sourceTree = "<group>";
		};
		7163C75B24B798710036E9DE /* Controller */ = {
			isa = PBXGroup;
			children = (
				7163C74A24B7983E0036E9DE /* CoinViewController.swift */,
			);
			path = Controller;
			sourceTree = "<group>";
		};
		7163C75C24B798920036E9DE /* Model */ = {
			isa = PBXGroup;
			children = (
				7163C75D24B79D920036E9DE /* CoinData.swift */,
				7163C75F24B79DB80036E9DE /* CoinManager.swift */,
			);
			path = Model;
			sourceTree = "<group>";
		};
/* End PBXGroup section */

/* Begin PBXNativeTarget section */
		7163C74224B7983E0036E9DE /* Coins */ = {
			isa = PBXNativeTarget;
			buildConfigurationList = 7163C75724B798470036E9DE /* Build configuration list for PBXNativeTarget "Coins" */;
			buildPhases = (
				7163C73F24B7983E0036E9DE /* Sources */,
				7163C74024B7983E0036E9DE /* Frameworks */,
				7163C74124B7983E0036E9DE /* Resources */,
			);
			buildRules = (
			);
			dependencies = (
			);
			name = Coins;
			productName = Coins;
			productReference = 7163C74324B7983E0036E9DE /* Coins.app */;
			productType = "com.apple.product-type.application";
		};
/* End PBXNativeTarget section */

/* Begin PBXProject section */
		7163C73B24B7983D0036E9DE /* Project object */ = {
			isa = PBXProject;
			attributes = {
				LastSwiftUpdateCheck = 1110;
				LastUpgradeCheck = 1110;
				ORGANIZATIONNAME = Hanan;
				TargetAttributes = {
					7163C74224B7983E0036E9DE = {
						CreatedOnToolsVersion = 11.1;
					};
				};
			};
			buildConfigurationList = 7163C73E24B7983D0036E9DE /* Build configuration list for PBXProject "Coins" */;
			compatibilityVersion = "Xcode 9.3";
			developmentRegion = en;
			hasScannedForEncodings = 0;
			knownRegions = (
				en,
				Base,
			);
			mainGroup = 7163C73A24B7983D0036E9DE;
			productRefGroup = 7163C74424B7983E0036E9DE /* Products */;
			projectDirPath = "";
			projectRoot = "";
			targets = (
				7163C74224B7983E0036E9DE /* Coins */,
			);
		};
/* End PBXProject section */

/* Begin PBXResourcesBuildPhase section */
		7163C74124B7983E0036E9DE /* Resources */ = {
			isa = PBXResourcesBuildPhase;
			buildActionMask = 2147483647;
			files = (
				7163C75324B798470036E9DE /* LaunchScreen.storyboard in Resources */,
				7163C75024B798470036E9DE /* Assets.xcassets in Resources */,
				7163C74E24B7983E0036E9DE /* Main.storyboard in Resources */,
			);
			runOnlyForDeploymentPostprocessing = 0;
		};
/* End PBXResourcesBuildPhase section */

/* Begin PBXSourcesBuildPhase section */
		7163C73F24B7983E0036E9DE /* Sources */ = {
			isa = PBXSourcesBuildPhase;
			buildActionMask = 2147483647;
			files = (
				7163C75E24B79D920036E9DE /* CoinData.swift in Sources */,
				7163C74B24B7983E0036E9DE /* CoinViewController.swift in Sources */,
				7163C74724B7983E0036E9DE /* AppDelegate.swift in Sources */,
				7163C74924B7983E0036E9DE /* SceneDelegate.swift in Sources */,
				7163C76024B79DB80036E9DE /* CoinManager.swift in Sources */,
			);
			runOnlyForDeploymentPostprocessing = 0;
		};
/* End PBXSourcesBuildPhase section */

/* Begin PBXVariantGroup section */
		7163C74C24B7983E0036E9DE /* Main.storyboard */ = {
			isa = PBXVariantGroup;
			children = (
				7163C74D24B7983E0036E9DE /* Base */,
			);
			name = Main.storyboard;
			sourceTree = "<group>";
		};
		7163C75124B798470036E9DE /* LaunchScreen.storyboard */ = {
			isa = PBXVariantGroup;
			children = (
				7163C75224B798470036E9DE /* Base */,
			);
			name = LaunchScreen.storyboard;
			sourceTree = "<group>";
		};
/* End PBXVariantGroup section */

/* Begin XCBuildConfiguration section */
		7163C75524B798470036E9DE /* Debug */ = {
			isa = XCBuildConfiguration;
			buildSettings = {
				ALWAYS_SEARCH_USER_PATHS = NO;
				CLANG_ANALYZER_NONNULL = YES;
				CLANG_ANALYZER_NUMBER_OBJECT_CONVERSION = YES_AGGRESSIVE;
				CLANG_CXX_LANGUAGE_STANDARD = "gnu++14";
				CLANG_CXX_LIBRARY = "libc++";
				CLANG_ENABLE_MODULES = YES;
				CLANG_ENABLE_OBJC_ARC = YES;
				CLANG_ENABLE_OBJC_WEAK = YES;
				CLANG_WARN_BLOCK_CAPTURE_AUTORELEASING = YES;
				CLANG_WARN_BOOL_CONVERSION = YES;
				CLANG_WARN_COMMA = YES;
				CLANG_WARN_CONSTANT_CONVERSION = YES;
				CLANG_WARN_DEPRECATED_OBJC_IMPLEMENTATIONS = YES;
				CLANG_WARN_DIRECT_OBJC_ISA_USAGE = YES_ERROR;
				CLANG_WARN_DOCUMENTATION_COMMENTS = YES;
				CLANG_WARN_EMPTY_BODY = YES;
				CLANG_WARN_ENUM_CONVERSION = YES;
				CLANG_WARN_INFINITE_RECURSION = YES;
				CLANG_WARN_INT_CONVERSION = YES;
				CLANG_WARN_NON_LITERAL_NULL_CONVERSION = YES;
				CLANG_WARN_OBJC_IMPLICIT_RETAIN_SELF = YES;
				CLANG_WARN_OBJC_LITERAL_CONVERSION = YES;
				CLANG_WARN_OBJC_ROOT_CLASS = YES_ERROR;
				CLANG_WARN_RANGE_LOOP_ANALYSIS = YES;
				CLANG_WARN_STRICT_PROTOTYPES = YES;
				CLANG_WARN_SUSPICIOUS_MOVE = YES;
				CLANG_WARN_UNGUARDED_AVAILABILITY = YES_AGGRESSIVE;
				CLANG_WARN_UNREACHABLE_CODE = YES;
				CLANG_WARN__DUPLICATE_METHOD_MATCH = YES;
				COPY_PHASE_STRIP = NO;
				DEBUG_INFORMATION_FORMAT = dwarf;
				ENABLE_STRICT_OBJC_MSGSEND = YES;
				ENABLE_TESTABILITY = YES;
				GCC_C_LANGUAGE_STANDARD = gnu11;
				GCC_DYNAMIC_NO_PIC = NO;
				GCC_NO_COMMON_BLOCKS = YES;
				GCC_OPTIMIZATION_LEVEL = 0;
				GCC_PREPROCESSOR_DEFINITIONS = (
					"DEBUG=1",
					"$(inherited)",
				);
				GCC_WARN_64_TO_32_BIT_CONVERSION = YES;
				GCC_WARN_ABOUT_RETURN_TYPE = YES_ERROR;
				GCC_WARN_UNDECLARED_SELECTOR = YES;
				GCC_WARN_UNINITIALIZED_AUTOS = YES_AGGRESSIVE;
				GCC_WARN_UNUSED_FUNCTION = YES;
				GCC_WARN_UNUSED_VARIABLE = YES;
				IPHONEOS_DEPLOYMENT_TARGET = 13.1;
				MTL_ENABLE_DEBUG_INFO = INCLUDE_SOURCE;
				MTL_FAST_MATH = YES;
				ONLY_ACTIVE_ARCH = YES;
				SDKROOT = iphoneos;
				SWIFT_ACTIVE_COMPILATION_CONDITIONS = DEBUG;
				SWIFT_OPTIMIZATION_LEVEL = "-Onone";
			};
			name = Debug;
		};
		7163C75624B798470036E9DE /* Release */ = {
			isa = XCBuildConfiguration;
			buildSettings = {
				ALWAYS_SEARCH_USER_PATHS = NO;
				CLANG_ANALYZER_NONNULL = YES;
				CLANG_ANALYZER_NUMBER_OBJECT_CONVERSION = YES_AGGRESSIVE;
				CLANG_CXX_LANGUAGE_STANDARD = "gnu++14";
				CLANG_CXX_LIBRARY = "libc++";
				CLANG_ENABLE_MODULES = YES;
				CLANG_ENABLE_OBJC_ARC = YES;
				CLANG_ENABLE_OBJC_WEAK = YES;
				CLANG_WARN_BLOCK_CAPTURE_AUTORELEASING = YES;
				CLANG_WARN_BOOL_CONVERSION = YES;
				CLANG_WARN_COMMA = YES;
				CLANG_WARN_CONSTANT_CONVERSION = YES;
				CLANG_WARN_DEPRECATED_OBJC_IMPLEMENTATIONS = YES;
				CLANG_WARN_DIRECT_OBJC_ISA_USAGE = YES_ERROR;
				CLANG_WARN_DOCUMENTATION_COMMENTS = YES;
				CLANG_WARN_EMPTY_BODY = YES;
				CLANG_WARN_ENUM_CONVERSION = YES;
				CLANG_WARN_INFINITE_RECURSION = YES;
				CLANG_WARN_INT_CONVERSION = YES;
				CLANG_WARN_NON_LITERAL_NULL_CONVERSION = YES;
				CLANG_WARN_OBJC_IMPLICIT_RETAIN_SELF = YES;
				CLANG_WARN_OBJC_LITERAL_CONVERSION = YES;
				CLANG_WARN_OBJC_ROOT_CLASS = YES_ERROR;
				CLANG_WARN_RANGE_LOOP_ANALYSIS = YES;
				CLANG_WARN_STRICT_PROTOTYPES = YES;
				CLANG_WARN_SUSPICIOUS_MOVE = YES;
				CLANG_WARN_UNGUARDED_AVAILABILITY = YES_AGGRESSIVE;
				CLANG_WARN_UNREACHABLE_CODE = YES;
				CLANG_WARN__DUPLICATE_METHOD_MATCH = YES;
				COPY_PHASE_STRIP = NO;
				DEBUG_INFORMATION_FORMAT = "dwarf-with-dsym";
				ENABLE_NS_ASSERTIONS = NO;
				ENABLE_STRICT_OBJC_MSGSEND = YES;
				GCC_C_LANGUAGE_STANDARD = gnu11;
				GCC_NO_COMMON_BLOCKS = YES;
				GCC_WARN_64_TO_32_BIT_CONVERSION = YES;
				GCC_WARN_ABOUT_RETURN_TYPE = YES_ERROR;
				GCC_WARN_UNDECLARED_SELECTOR = YES;
				GCC_WARN_UNINITIALIZED_AUTOS = YES_AGGRESSIVE;
				GCC_WARN_UNUSED_FUNCTION = YES;
				GCC_WARN_UNUSED_VARIABLE = YES;
				IPHONEOS_DEPLOYMENT_TARGET = 13.1;
				MTL_ENABLE_DEBUG_INFO = NO;
				MTL_FAST_MATH = YES;
				SDKROOT = iphoneos;
				SWIFT_COMPILATION_MODE = wholemodule;
				SWIFT_OPTIMIZATION_LEVEL = "-O";
				VALIDATE_PRODUCT = YES;
			};
			name = Release;
		};
		7163C75824B798470036E9DE /* Debug */ = {
			isa = XCBuildConfiguration;
			buildSettings = {
				ASSETCATALOG_COMPILER_APPICON_NAME = AppIcon;
				CODE_SIGN_STYLE = Automatic;
				DEVELOPMENT_TEAM = K75946TXJA;
				INFOPLIST_FILE = Coins/Info.plist;
				LD_RUNPATH_SEARCH_PATHS = (
					"$(inherited)",
					"@executable_path/Frameworks",
				);
				PRODUCT_BUNDLE_IDENTIFIER = han.Coins;
				PRODUCT_NAME = "$(TARGET_NAME)";
				SWIFT_VERSION = 5.0;
				TARGETED_DEVICE_FAMILY = "1,2";
			};
			name = Debug;
		};
		7163C75924B798470036E9DE /* Release */ = {
			isa = XCBuildConfiguration;
			buildSettings = {
				ASSETCATALOG_COMPILER_APPICON_NAME = AppIcon;
				CODE_SIGN_STYLE = Automatic;
				DEVELOPMENT_TEAM = K75946TXJA;
				INFOPLIST_FILE = Coins/Info.plist;
				LD_RUNPATH_SEARCH_PATHS = (
					"$(inherited)",
					"@executable_path/Frameworks",
				);
				PRODUCT_BUNDLE_IDENTIFIER = han.Coins;
				PRODUCT_NAME = "$(TARGET_NAME)";
				SWIFT_VERSION = 5.0;
				TARGETED_DEVICE_FAMILY = "1,2";
			};
			name = Release;
		};
/* End XCBuildConfiguration section */

/* Begin XCConfigurationList section */
		7163C73E24B7983D0036E9DE /* Build configuration list for PBXProject "Coins" */ = {
			isa = XCConfigurationList;
			buildConfigurations = (
				7163C75524B798470036E9DE /* Debug */,
				7163C75624B798470036E9DE /* Release */,
			);
			defaultConfigurationIsVisible = 0;
			defaultConfigurationName = Release;
		};
		7163C75724B798470036E9DE /* Build configuration list for PBXNativeTarget "Coins" */ = {
			isa = XCConfigurationList;
			buildConfigurations = (
				7163C75824B798470036E9DE /* Debug */,
				7163C75924B798470036E9DE /* Release */,
			);
			defaultConfigurationIsVisible = 0;
			defaultConfigurationName = Release;
		};
/* End XCConfigurationList section */
	};
	rootObject = 7163C73B24B7983D0036E9DE /* Project object */;
}
